
Microsoft Visual Studio Solution File, Format Version 12.00
# Visual Studio Version 17
VisualStudioVersion = 17.14.36221.1 d17.14
MinimumVisualStudioVersion = 10.0.40219.1
Project("{FAE04EC0-301F-11D3-BF4B-00C04F79EFBC}") = "Extensiones Biblioteca", "Extensiones Biblioteca.csproj", "{0B4CD996-5130-4606-B84B-204677BD9710}"
EndProject
Global
	GlobalSection(SolutionConfigurationPlatforms) = preSolution
		Debug|Any CPU = Debug|Any CPU
		Release|Any CPU = Release|Any CPU
	EndGlobalSection
	GlobalSection(ProjectConfigurationPlatforms) = postSolution
		{0B4CD996-5130-4606-B84B-204677BD9710}.Debug|Any CPU.ActiveCfg = Debug|Any CPU
		{0B4CD996-5130-4606-B84B-204677BD9710}.Debug|Any CPU.Build.0 = Debug|Any CPU
		{0B4CD996-5130-4606-B84B-204677BD9710}.Release|Any CPU.ActiveCfg = Release|Any CPU
		{0B4CD996-5130-4606-B84B-204677BD9710}.Release|Any CPU.Build.0 = Release|Any CPU
	EndGlobalSection
	GlobalSection(SolutionProperties) = preSolution
		HideSolutionNode = FALSE
	EndGlobalSection
	GlobalSection(ExtensibilityGlobals) = postSolution
		SolutionGuid = {F6193257-0DB0-48BC-9903-5D325FD49F18}
	EndGlobalSection
EndGlobal
